
Microsoft Visual Studio Solution File, Format Version 12.00
# Visual Studio Version 17
VisualStudioVersion = 17.8.34316.72
MinimumVisualStudioVersion = 10.0.40219.1
Project("{FAE04EC0-301F-11D3-BF4B-00C04F79EFBC}") = "backend", "backend\backend.csproj", "{A30F84DE-3393-4782-806E-5C951EB39C05}"
EndProject
Global
	GlobalSection(SolutionConfigurationPlatforms) = preSolution
		Debug|Any CPU = Debug|Any CPU
		Release|Any CPU = Release|Any CPU
	EndGlobalSection
	GlobalSection(ProjectConfigurationPlatforms) = postSolution
		{A30F84DE-3393-4782-806E-5C951EB39C05}.Debug|Any CPU.ActiveCfg = Debug|Any CPU
		{A30F84DE-3393-4782-806E-5C951EB39C05}.Debug|Any CPU.Build.0 = Debug|Any CPU
		{A30F84DE-3393-4782-806E-5C951EB39C05}.Release|Any CPU.ActiveCfg = Release|Any CPU
		{A30F84DE-3393-4782-806E-5C951EB39C05}.Release|Any CPU.Build.0 = Release|Any CPU
	EndGlobalSection
	GlobalSection(SolutionProperties) = preSolution
		HideSolutionNode = FALSE
	EndGlobalSection
	GlobalSection(ExtensibilityGlobals) = postSolution
		SolutionGuid = {C201DE28-D6CF-4E15-8DF7-4BEECCDC98EA}
	EndGlobalSection
EndGlobal
